
Microsoft Visual Studio Solution File, Format Version 12.00
# Visual Studio Version 17
VisualStudioVersion = 17.7.34031.279
MinimumVisualStudioVersion = 10.0.40219.1
Project("{8BC9CEB8-8B4A-11D0-8D11-00A0C91BC942}") = "Common", "Common\Common.vcxitems", "{5A80AF9A-1FC7-4965-905F-51C0B0D4D7BC}"
EndProject
Project("{8BC9CEB8-8B4A-11D0-8D11-00A0C91BC942}") = "SteeringBehaviors", "SteeringBehaviors\SteeringBehaviors.vcxproj", "{8191FBFD-78EF-4F67-AE1B-A225D0A0F040}"
EndProject
Project("{8BC9CEB8-8B4A-11D0-8D11-00A0C91BC942}") = "SimpleSoccer", "SimpleSoccer\SimpleSoccer.vcxproj", "{39D33851-D61E-45F1-BB5D-8C491C5E4C78}"
EndProject
Project("{8BC9CEB8-8B4A-11D0-8D11-00A0C91BC942}") = "Pathfinder", "Pathfinder\Pathfinder.vcxproj", "{BFE9D606-0145-45E4-8AC3-A62758876EDB}"
EndProject
Project("{8BC9CEB8-8B4A-11D0-8D11-00A0C91BC942}") = "WestWorld", "StateMachines\WestWorld\WestWorld.vcxproj", "{FED3357C-6033-4467-AE59-1D462167A88E}"
EndProject
Project("{8BC9CEB8-8B4A-11D0-8D11-00A0C91BC942}") = "WestWorldWithMessaging", "StateMachines\WestWorldWithMessaging\WestWorldWithMessaging.vcxproj", "{674A901E-99B3-4C95-90AA-71BBEA517AAA}"
EndProject
Project("{8BC9CEB8-8B4A-11D0-8D11-00A0C91BC942}") = "WestWorldWithWoman", "StateMachines\WestWorldWithWoman\WestWorldWithWoman.vcxproj", "{04EBA4D5-202E-405D-948C-ED664AC31810}"
EndProject
Project("{8BC9CEB8-8B4A-11D0-8D11-00A0C91BC942}") = "RockPaperScissors", "ScriptingSource\RockPaperScissors\RockPaperScissors.vcxproj", "{9FBAFB6C-B154-4416-873A-A4EDC2FE463C}"
EndProject
Project("{8BC9CEB8-8B4A-11D0-8D11-00A0C91BC942}") = "ExampleLua", "ScriptingSource\ExampleLua\ExampleLua.vcxproj", "{C89A20B0-DBF1-46C6-ABFE-841DC2C7D87D}"
EndProject
Project("{8BC9CEB8-8B4A-11D0-8D11-00A0C91BC942}") = "CreatingClassesUsingLuabind", "ScriptingSource\CreatingClassesUsingLuabind\CreatingClassesUsingLuabind.vcxproj", "{C918AECC-2070-4845-BC24-BD47A490E486}"
EndProject
Project("{8BC9CEB8-8B4A-11D0-8D11-00A0C91BC942}") = "Luabind", "Common\Luabind\Luabind.vcxitems", "{F9A15513-59AA-4554-B6A4-C439DDF925A8}"
EndProject
Project("{8BC9CEB8-8B4A-11D0-8D11-00A0C91BC942}") = "ExposingCPPClassesUsingLuabind", "ScriptingSource\ExposingCPPClassesUsingLuabind\ExposingCPPClassesUsingLuabind.vcxproj", "{C3A7EE1E-008C-43FA-BA2C-2CA4042873F5}"
EndProject
Project("{8BC9CEB8-8B4A-11D0-8D11-00A0C91BC942}") = "ExposingCPPFunctionsUsingLuabind", "ScriptingSource\ExposingCPPFunctionsUsingLuabind\ExposingCPPFunctionsUsingLuabind.vcxproj", "{001A3D83-4E12-461F-AC0D-96273024EAF4}"
EndProject
Project("{8BC9CEB8-8B4A-11D0-8D11-00A0C91BC942}") = "ScriptedStateMachine", "ScriptingSource\ScriptedStateMachine\ScriptedStateMachine.vcxproj", "{B014882D-B2FE-4D77-BFE6-DE9C70BB094D}"
EndProject
Project("{8BC9CEB8-8B4A-11D0-8D11-00A0C91BC942}") = "StartHereLua", "ScriptingSource\StartHereLua\StartHereLua.vcxproj", "{91168BB3-CC61-492D-8A96-69B3FC5F35BD}"
EndProject
Project("{8BC9CEB8-8B4A-11D0-8D11-00A0C91BC942}") = "Raven", "Raven\Raven.vcxproj", "{E79D9C4E-738E-4B5F-8252-60CC8BE5237D}"
EndProject
Global
	GlobalSection(SolutionConfigurationPlatforms) = preSolution
		Debug|x64 = Debug|x64
		Release|x64 = Release|x64
	EndGlobalSection
	GlobalSection(ProjectConfigurationPlatforms) = postSolution
		{8191FBFD-78EF-4F67-AE1B-A225D0A0F040}.Debug|x64.ActiveCfg = Debug|x64
		{8191FBFD-78EF-4F67-AE1B-A225D0A0F040}.Debug|x64.Build.0 = Debug|x64
		{8191FBFD-78EF-4F67-AE1B-A225D0A0F040}.Release|x64.ActiveCfg = Release|x64
		{8191FBFD-78EF-4F67-AE1B-A225D0A0F040}.Release|x64.Build.0 = Release|x64
		{39D33851-D61E-45F1-BB5D-8C491C5E4C78}.Debug|x64.ActiveCfg = Debug|x64
		{39D33851-D61E-45F1-BB5D-8C491C5E4C78}.Debug|x64.Build.0 = Debug|x64
		{39D33851-D61E-45F1-BB5D-8C491C5E4C78}.Release|x64.ActiveCfg = Release|x64
		{39D33851-D61E-45F1-BB5D-8C491C5E4C78}.Release|x64.Build.0 = Release|x64
		{BFE9D606-0145-45E4-8AC3-A62758876EDB}.Debug|x64.ActiveCfg = Debug|x64
		{BFE9D606-0145-45E4-8AC3-A62758876EDB}.Debug|x64.Build.0 = Debug|x64
		{BFE9D606-0145-45E4-8AC3-A62758876EDB}.Release|x64.ActiveCfg = Release|x64
		{BFE9D606-0145-45E4-8AC3-A62758876EDB}.Release|x64.Build.0 = Release|x64
		{FED3357C-6033-4467-AE59-1D462167A88E}.Debug|x64.ActiveCfg = Debug|x64
		{FED3357C-6033-4467-AE59-1D462167A88E}.Debug|x64.Build.0 = Debug|x64
		{FED3357C-6033-4467-AE59-1D462167A88E}.Release|x64.ActiveCfg = Release|x64
		{FED3357C-6033-4467-AE59-1D462167A88E}.Release|x64.Build.0 = Release|x64
		{674A901E-99B3-4C95-90AA-71BBEA517AAA}.Debug|x64.ActiveCfg = Debug|x64
		{674A901E-99B3-4C95-90AA-71BBEA517AAA}.Debug|x64.Build.0 = Debug|x64
		{674A901E-99B3-4C95-90AA-71BBEA517AAA}.Release|x64.ActiveCfg = Release|x64
		{674A901E-99B3-4C95-90AA-71BBEA517AAA}.Release|x64.Build.0 = Release|x64
		{04EBA4D5-202E-405D-948C-ED664AC31810}.Debug|x64.ActiveCfg = Debug|x64
		{04EBA4D5-202E-405D-948C-ED664AC31810}.Debug|x64.Build.0 = Debug|x64
		{04EBA4D5-202E-405D-948C-ED664AC31810}.Release|x64.ActiveCfg = Release|x64
		{04EBA4D5-202E-405D-948C-ED664AC31810}.Release|x64.Build.0 = Release|x64
		{9FBAFB6C-B154-4416-873A-A4EDC2FE463C}.Debug|x64.ActiveCfg = Debug|x64
		{9FBAFB6C-B154-4416-873A-A4EDC2FE463C}.Debug|x64.Build.0 = Debug|x64
		{9FBAFB6C-B154-4416-873A-A4EDC2FE463C}.Release|x64.ActiveCfg = Release|x64
		{9FBAFB6C-B154-4416-873A-A4EDC2FE463C}.Release|x64.Build.0 = Release|x64
		{C89A20B0-DBF1-46C6-ABFE-841DC2C7D87D}.Debug|x64.ActiveCfg = Debug|x64
		{C89A20B0-DBF1-46C6-ABFE-841DC2C7D87D}.Debug|x64.Build.0 = Debug|x64
		{C89A20B0-DBF1-46C6-ABFE-841DC2C7D87D}.Release|x64.ActiveCfg = Release|x64
		{C89A20B0-DBF1-46C6-ABFE-841DC2C7D87D}.Release|x64.Build.0 = Release|x64
		{C918AECC-2070-4845-BC24-BD47A490E486}.Debug|x64.ActiveCfg = Debug|x64
		{C918AECC-2070-4845-BC24-BD47A490E486}.Debug|x64.Build.0 = Debug|x64
		{C918AECC-2070-4845-BC24-BD47A490E486}.Release|x64.ActiveCfg = Release|x64
		{C918AECC-2070-4845-BC24-BD47A490E486}.Release|x64.Build.0 = Release|x64
		{C3A7EE1E-008C-43FA-BA2C-2CA4042873F5}.Debug|x64.ActiveCfg = Debug|x64
		{C3A7EE1E-008C-43FA-BA2C-2CA4042873F5}.Debug|x64.Build.0 = Debug|x64
		{C3A7EE1E-008C-43FA-BA2C-2CA4042873F5}.Release|x64.ActiveCfg = Release|x64
		{C3A7EE1E-008C-43FA-BA2C-2CA4042873F5}.Release|x64.Build.0 = Release|x64
		{001A3D83-4E12-461F-AC0D-96273024EAF4}.Debug|x64.ActiveCfg = Debug|x64
		{001A3D83-4E12-461F-AC0D-96273024EAF4}.Debug|x64.Build.0 = Debug|x64
		{001A3D83-4E12-461F-AC0D-96273024EAF4}.Release|x64.ActiveCfg = Release|x64
		{001A3D83-4E12-461F-AC0D-96273024EAF4}.Release|x64.Build.0 = Release|x64
		{B014882D-B2FE-4D77-BFE6-DE9C70BB094D}.Debug|x64.ActiveCfg = Debug|x64
		{B014882D-B2FE-4D77-BFE6-DE9C70BB094D}.Debug|x64.Build.0 = Debug|x64
		{B014882D-B2FE-4D77-BFE6-DE9C70BB094D}.Release|x64.ActiveCfg = Release|x64
		{B014882D-B2FE-4D77-BFE6-DE9C70BB094D}.Release|x64.Build.0 = Release|x64
		{91168BB3-CC61-492D-8A96-69B3FC5F35BD}.Debug|x64.ActiveCfg = Debug|x64
		{91168BB3-CC61-492D-8A96-69B3FC5F35BD}.Debug|x64.Build.0 = Debug|x64
		{91168BB3-CC61-492D-8A96-69B3FC5F35BD}.Release|x64.ActiveCfg = Release|x64
		{91168BB3-CC61-492D-8A96-69B3FC5F35BD}.Release|x64.Build.0 = Release|x64
		{E79D9C4E-738E-4B5F-8252-60CC8BE5237D}.Debug|x64.ActiveCfg = Debug|x64
		{E79D9C4E-738E-4B5F-8252-60CC8BE5237D}.Debug|x64.Build.0 = Debug|x64
		{E79D9C4E-738E-4B5F-8252-60CC8BE5237D}.Release|x64.ActiveCfg = Release|x64
		{E79D9C4E-738E-4B5F-8252-60CC8BE5237D}.Release|x64.Build.0 = Release|x64
	EndGlobalSection
	GlobalSection(SolutionProperties) = preSolution
		HideSolutionNode = FALSE
	EndGlobalSection
	GlobalSection(ExtensibilityGlobals) = postSolution
		SolutionGuid = {B2350FC9-9A97-48CE-B75D-3502DFBC0DAC}
	EndGlobalSection
	GlobalSection(SharedMSBuildProjectFiles) = preSolution
		Common\Common.vcxitems*{001a3d83-4e12-461f-ac0d-96273024eaf4}*SharedItemsImports = 4
		Common\Luabind\Luabind.vcxitems*{001a3d83-4e12-461f-ac0d-96273024eaf4}*SharedItemsImports = 4
		Common\Common.vcxitems*{04eba4d5-202e-405d-948c-ed664ac31810}*SharedItemsImports = 4
		Common\Common.vcxitems*{39d33851-d61e-45f1-bb5d-8c491c5e4c78}*SharedItemsImports = 4
		Common\Common.vcxitems*{5a80af9a-1fc7-4965-905f-51c0b0d4d7bc}*SharedItemsImports = 9
		Common\Common.vcxitems*{674a901e-99b3-4c95-90aa-71bbea517aaa}*SharedItemsImports = 4
		Common\Common.vcxitems*{8191fbfd-78ef-4f67-ae1b-a225d0a0f040}*SharedItemsImports = 4
		Common\Common.vcxitems*{9fbafb6c-b154-4416-873a-a4edc2fe463c}*SharedItemsImports = 4
		Common\Common.vcxitems*{b014882d-b2fe-4d77-bfe6-de9c70bb094d}*SharedItemsImports = 4
		Common\Luabind\Luabind.vcxitems*{b014882d-b2fe-4d77-bfe6-de9c70bb094d}*SharedItemsImports = 4
		Common\Common.vcxitems*{bfe9d606-0145-45e4-8ac3-a62758876edb}*SharedItemsImports = 4
		Common\Common.vcxitems*{c3a7ee1e-008c-43fa-ba2c-2ca4042873f5}*SharedItemsImports = 4
		Common\Luabind\Luabind.vcxitems*{c3a7ee1e-008c-43fa-ba2c-2ca4042873f5}*SharedItemsImports = 4
		Common\Common.vcxitems*{c89a20b0-dbf1-46c6-abfe-841dc2c7d87d}*SharedItemsImports = 4
		Common\Common.vcxitems*{c918aecc-2070-4845-bc24-bd47a490e486}*SharedItemsImports = 4
		Common\Luabind\Luabind.vcxitems*{c918aecc-2070-4845-bc24-bd47a490e486}*SharedItemsImports = 4
		Common\Common.vcxitems*{e79d9c4e-738e-4b5f-8252-60cc8be5237d}*SharedItemsImports = 4
		Common\Luabind\Luabind.vcxitems*{e79d9c4e-738e-4b5f-8252-60cc8be5237d}*SharedItemsImports = 4
		Common\Luabind\Luabind.vcxitems*{f9a15513-59aa-4554-b6a4-c439ddf925a8}*SharedItemsImports = 9
		Common\Common.vcxitems*{fed3357c-6033-4467-ae59-1d462167a88e}*SharedItemsImports = 4
	EndGlobalSection
EndGlobal
